
Microsoft Visual Studio Solution File, Format Version 12.00
# Visual Studio Version 16
VisualStudioVersion = 16.0.35229.62
MinimumVisualStudioVersion = 10.0.40219.1
Project("{9A19103F-16F7-4668-BE54-9A1E7A4F7556}") = "Leetcode.Logic", "Leetcode.Logic.csproj", "{FAD52A0C-FF4F-49A4-BE33-CD2067C3F450}"
EndProject
Global
	GlobalSection(SolutionConfigurationPlatforms) = preSolution
		Debug|Any CPU = Debug|Any CPU
		Release|Any CPU = Release|Any CPU
	EndGlobalSection
	GlobalSection(ProjectConfigurationPlatforms) = postSolution
		{FAD52A0C-FF4F-49A4-BE33-CD2067C3F450}.Debug|Any CPU.ActiveCfg = Debug|Any CPU
		{FAD52A0C-FF4F-49A4-BE33-CD2067C3F450}.Debug|Any CPU.Build.0 = Debug|Any CPU
		{FAD52A0C-FF4F-49A4-BE33-CD2067C3F450}.Release|Any CPU.ActiveCfg = Release|Any CPU
		{FAD52A0C-FF4F-49A4-BE33-CD2067C3F450}.Release|Any CPU.Build.0 = Release|Any CPU
	EndGlobalSection
	GlobalSection(SolutionProperties) = preSolution
		HideSolutionNode = FALSE
	EndGlobalSection
	GlobalSection(ExtensibilityGlobals) = postSolution
		SolutionGuid = {26421F32-47C5-422C-AF54-2519019A7374}
	EndGlobalSection
EndGlobal
